<Solution>
  <Folder Name="/examples/">
    <Project Path="examples/Web/Web.csproj" />
  </Folder>
  <Folder Name="/src/">
    <Project Path="src/LifeTimes/LifeTimes.csproj" />
  </Folder>
  <Folder Name="/test/">
    <Project Path="test/LifeTimes.Tests/LifeTimes.Tests.csproj" />
  </Folder>
</Solution>
